
Microsoft Visual Studio Solution File, Format Version 12.00
# Visual Studio Version 17
VisualStudioVersion = 17.9.34607.119
MinimumVisualStudioVersion = 10.0.40219.1
Project("{FAE04EC0-301F-11D3-BF4B-00C04F79EFBC}") = "Sealed", "Sealed\Sealed.csproj", "{2E290FE6-FF5B-4685-920E-BDE1409E0C5E}"
EndProject
Global
	GlobalSection(SolutionConfigurationPlatforms) = preSolution
		Debug|Any CPU = Debug|Any CPU
		Release|Any CPU = Release|Any CPU
	EndGlobalSection
	GlobalSection(ProjectConfigurationPlatforms) = postSolution
		{2E290FE6-FF5B-4685-920E-BDE1409E0C5E}.Debug|Any CPU.ActiveCfg = Debug|Any CPU
		{2E290FE6-FF5B-4685-920E-BDE1409E0C5E}.Debug|Any CPU.Build.0 = Debug|Any CPU
		{2E290FE6-FF5B-4685-920E-BDE1409E0C5E}.Release|Any CPU.ActiveCfg = Release|Any CPU
		{2E290FE6-FF5B-4685-920E-BDE1409E0C5E}.Release|Any CPU.Build.0 = Release|Any CPU
	EndGlobalSection
	GlobalSection(SolutionProperties) = preSolution
		HideSolutionNode = FALSE
	EndGlobalSection
	GlobalSection(ExtensibilityGlobals) = postSolution
		SolutionGuid = {E977BA9D-41B8-413C-9707-23BA56950D41}
	EndGlobalSection
EndGlobal
