
Microsoft Visual Studio Solution File, Format Version 12.00
# Visual Studio Version 17
VisualStudioVersion = 17.9.34607.119
MinimumVisualStudioVersion = 10.0.40219.1
Project("{FAE04EC0-301F-11D3-BF4B-00C04F79EFBC}") = "MethodOverriding", "MethodOverriding\MethodOverriding.csproj", "{DA284396-739D-4C5C-942B-9BE2316626B8}"
EndProject
Global
	GlobalSection(SolutionConfigurationPlatforms) = preSolution
		Debug|Any CPU = Debug|Any CPU
		Release|Any CPU = Release|Any CPU
	EndGlobalSection
	GlobalSection(ProjectConfigurationPlatforms) = postSolution
		{DA284396-739D-4C5C-942B-9BE2316626B8}.Debug|Any CPU.ActiveCfg = Debug|Any CPU
		{DA284396-739D-4C5C-942B-9BE2316626B8}.Debug|Any CPU.Build.0 = Debug|Any CPU
		{DA284396-739D-4C5C-942B-9BE2316626B8}.Release|Any CPU.ActiveCfg = Release|Any CPU
		{DA284396-739D-4C5C-942B-9BE2316626B8}.Release|Any CPU.Build.0 = Release|Any CPU
	EndGlobalSection
	GlobalSection(SolutionProperties) = preSolution
		HideSolutionNode = FALSE
	EndGlobalSection
	GlobalSection(ExtensibilityGlobals) = postSolution
		SolutionGuid = {F806A3BE-72A7-48A4-9D9E-341DD03C7F89}
	EndGlobalSection
EndGlobal
