
Microsoft Visual Studio Solution File, Format Version 12.00
# Visual Studio Version 17
VisualStudioVersion = 17.9.34607.119
MinimumVisualStudioVersion = 10.0.40219.1
Project("{FAE04EC0-301F-11D3-BF4B-00C04F79EFBC}") = "Delegates", "Delegates\Delegates.csproj", "{1A0D3892-4C26-4E93-8D1B-BAC65F49EEA1}"
EndProject
Global
	GlobalSection(SolutionConfigurationPlatforms) = preSolution
		Debug|Any CPU = Debug|Any CPU
		Release|Any CPU = Release|Any CPU
	EndGlobalSection
	GlobalSection(ProjectConfigurationPlatforms) = postSolution
		{1A0D3892-4C26-4E93-8D1B-BAC65F49EEA1}.Debug|Any CPU.ActiveCfg = Debug|Any CPU
		{1A0D3892-4C26-4E93-8D1B-BAC65F49EEA1}.Debug|Any CPU.Build.0 = Debug|Any CPU
		{1A0D3892-4C26-4E93-8D1B-BAC65F49EEA1}.Release|Any CPU.ActiveCfg = Release|Any CPU
		{1A0D3892-4C26-4E93-8D1B-BAC65F49EEA1}.Release|Any CPU.Build.0 = Release|Any CPU
	EndGlobalSection
	GlobalSection(SolutionProperties) = preSolution
		HideSolutionNode = FALSE
	EndGlobalSection
	GlobalSection(ExtensibilityGlobals) = postSolution
		SolutionGuid = {AE44F8A9-2ED4-4902-A299-8A0180937741}
	EndGlobalSection
EndGlobal
