
Microsoft Visual Studio Solution File, Format Version 12.00
# Visual Studio Version 17
VisualStudioVersion = 17.9.34607.119
MinimumVisualStudioVersion = 10.0.40219.1
Project("{FAE04EC0-301F-11D3-BF4B-00C04F79EFBC}") = "Polymorphism", "Polymorphism\Polymorphism.csproj", "{8DAD38DC-CA2D-4EF6-987A-783672764CBF}"
EndProject
Global
	GlobalSection(SolutionConfigurationPlatforms) = preSolution
		Debug|Any CPU = Debug|Any CPU
		Release|Any CPU = Release|Any CPU
	EndGlobalSection
	GlobalSection(ProjectConfigurationPlatforms) = postSolution
		{8DAD38DC-CA2D-4EF6-987A-783672764CBF}.Debug|Any CPU.ActiveCfg = Debug|Any CPU
		{8DAD38DC-CA2D-4EF6-987A-783672764CBF}.Debug|Any CPU.Build.0 = Debug|Any CPU
		{8DAD38DC-CA2D-4EF6-987A-783672764CBF}.Release|Any CPU.ActiveCfg = Release|Any CPU
		{8DAD38DC-CA2D-4EF6-987A-783672764CBF}.Release|Any CPU.Build.0 = Release|Any CPU
	EndGlobalSection
	GlobalSection(SolutionProperties) = preSolution
		HideSolutionNode = FALSE
	EndGlobalSection
	GlobalSection(ExtensibilityGlobals) = postSolution
		SolutionGuid = {8DCDB3F3-884B-4836-8A54-04898D9ED965}
	EndGlobalSection
EndGlobal
